// !$*UTF8*$!
{
	archiveVersion = 1;
	classes = {
	};
	objectVersion = 77;
	objects = {

/* Begin PBXBuildFile section */
		B502CA972CF860A700D7CB13 /* ScrumStore.swift in Sources */ = {isa = PBXBuildFile; fileRef = B502CA962CF860A700D7CB13 /* ScrumStore.swift */; };
		B502CA9D2CF89B3800D7CB13 /* ErrorWrapper.swift in Sources */ = {isa = PBXBuildFile; fileRef = B502CA9C2CF89B3800D7CB13 /* ErrorWrapper.swift */; };
		B502CA9F2CF89BA800D7CB13 /* ErrorView.swift in Sources */ = {isa = PBXBuildFile; fileRef = B502CA9E2CF89BA800D7CB13 /* ErrorView.swift */; };
		B502CAA12CFC77D700D7CB13 /* MeetingTimerView.swift in Sources */ = {isa = PBXBuildFile; fileRef = B502CAA02CFC77D700D7CB13 /* MeetingTimerView.swift */; };
		B502CAA42CFC7A5400D7CB13 /* ding.wav in Resources */ = {isa = PBXBuildFile; fileRef = B502CAA22CFC7A5400D7CB13 /* ding.wav */; };
		B502CAA62CFC7A6C00D7CB13 /* SpeakerArc.swift in Sources */ = {isa = PBXBuildFile; fileRef = B502CAA52CFC7A6C00D7CB13 /* SpeakerArc.swift */; };
		B502CB7E2CFF2EE600D7CB13 /* SpeechRecognizer.swift in Sources */ = {isa = PBXBuildFile; fileRef = B502CB7D2CFF2EE600D7CB13 /* SpeechRecognizer.swift */; };
		B502CB802CFFE38900D7CB13 /* HistoryView.swift in Sources */ = {isa = PBXBuildFile; fileRef = B502CB7F2CFFE38900D7CB13 /* HistoryView.swift */; };
		B55AD44E2CD12AC40040F59F /* Preview Assets.xcassets in Resources */ = {isa = PBXBuildFile; fileRef = B55AD4482CD12AC40040F59F /* Preview Assets.xcassets */; };
		B55AD44F2CD12AC40040F59F /* Assets.xcassets in Resources */ = {isa = PBXBuildFile; fileRef = B55AD44A2CD12AC40040F59F /* Assets.xcassets */; };
		B55AD4502CD12AC40040F59F /* MeetingView.swift in Sources */ = {isa = PBXBuildFile; fileRef = B55AD44B2CD12AC40040F59F /* MeetingView.swift */; };
		B55AD4512CD12AC40040F59F /* ScrumdingerApp.swift in Sources */ = {isa = PBXBuildFile; fileRef = B55AD44C2CD12AC40040F59F /* ScrumdingerApp.swift */; };
		B55AD45F2CD1C7DD0040F59F /* Theme.swift in Sources */ = {isa = PBXBuildFile; fileRef = B55AD45E2CD1C7DD0040F59F /* Theme.swift */; };
		B55AD4612CD1C9A10040F59F /* DailyScrum.swift in Sources */ = {isa = PBXBuildFile; fileRef = B55AD4602CD1C9A10040F59F /* DailyScrum.swift */; };
		B55AD4642CD1CAE80040F59F /* CardView.swift in Sources */ = {isa = PBXBuildFile; fileRef = B55AD4632CD1CAE80040F59F /* CardView.swift */; };
		B55AD4662CD22EA20040F59F /* TrailingIconLabelStyle.swift in Sources */ = {isa = PBXBuildFile; fileRef = B55AD4652CD22EA20040F59F /* TrailingIconLabelStyle.swift */; };
		B55AD4682CD24D920040F59F /* ScrumsView.swift in Sources */ = {isa = PBXBuildFile; fileRef = B55AD4672CD24D920040F59F /* ScrumsView.swift */; };
		B55D13902CD4682100C73A8B /* DetailView.swift in Sources */ = {isa = PBXBuildFile; fileRef = B55D138F2CD4682000C73A8B /* DetailView.swift */; };
		B55D13942CD79EB200C73A8B /* DetailEditView.swift in Sources */ = {isa = PBXBuildFile; fileRef = B55D13932CD79EB200C73A8B /* DetailEditView.swift */; };
		B55D13962CDB18A900C73A8B /* ThemeView.swift in Sources */ = {isa = PBXBuildFile; fileRef = B55D13952CDB18A900C73A8B /* ThemeView.swift */; };
		B55D13982CDB1B3600C73A8B /* ThemePicker.swift in Sources */ = {isa = PBXBuildFile; fileRef = B55D13972CDB1B3600C73A8B /* ThemePicker.swift */; };
		B55D139A2CDF104000C73A8B /* MeetingHeaderView.swift in Sources */ = {isa = PBXBuildFile; fileRef = B55D13992CDF104000C73A8B /* MeetingHeaderView.swift */; };
		B55D139C2CDF220700C73A8B /* ScrumProgressViewStyle.swift in Sources */ = {isa = PBXBuildFile; fileRef = B55D139B2CDF220700C73A8B /* ScrumProgressViewStyle.swift */; };
		B55D141C2CE5C18D00C73A8B /* ScrumTimer.swift in Sources */ = {isa = PBXBuildFile; fileRef = B55D141B2CE5C18D00C73A8B /* ScrumTimer.swift */; };
		B55D141E2CE6037700C73A8B /* MeetingFooterView.swift in Sources */ = {isa = PBXBuildFile; fileRef = B55D141D2CE6037700C73A8B /* MeetingFooterView.swift */; };
		B55D14202CE62BA900C73A8B /* AVPlayer+Ding.swift in Sources */ = {isa = PBXBuildFile; fileRef = B55D141F2CE62BA900C73A8B /* AVPlayer+Ding.swift */; };
		B55D14222CE6394800C73A8B /* NewScrumSheet.swift in Sources */ = {isa = PBXBuildFile; fileRef = B55D14212CE6394800C73A8B /* NewScrumSheet.swift */; };
		B55D14242CE8AE6E00C73A8B /* History.swift in Sources */ = {isa = PBXBuildFile; fileRef = B55D14232CE8AE6E00C73A8B /* History.swift */; };
/* End PBXBuildFile section */

/* Begin PBXFileReference section */
		B502CA962CF860A700D7CB13 /* ScrumStore.swift */ = {isa = PBXFileReference; lastKnownFileType = sourcecode.swift; path = ScrumStore.swift; sourceTree = "<group>"; };
		B502CA9C2CF89B3800D7CB13 /* ErrorWrapper.swift */ = {isa = PBXFileReference; lastKnownFileType = sourcecode.swift; path = ErrorWrapper.swift; sourceTree = "<group>"; };
		B502CA9E2CF89BA800D7CB13 /* ErrorView.swift */ = {isa = PBXFileReference; lastKnownFileType = sourcecode.swift; path = ErrorView.swift; sourceTree = "<group>"; };
		B502CAA02CFC77D700D7CB13 /* MeetingTimerView.swift */ = {isa = PBXFileReference; lastKnownFileType = sourcecode.swift; path = MeetingTimerView.swift; sourceTree = "<group>"; };
		B502CAA22CFC7A5400D7CB13 /* ding.wav */ = {isa = PBXFileReference; lastKnownFileType = audio.wav; path = ding.wav; sourceTree = "<group>"; };
		B502CAA52CFC7A6C00D7CB13 /* SpeakerArc.swift */ = {isa = PBXFileReference; lastKnownFileType = sourcecode.swift; path = SpeakerArc.swift; sourceTree = "<group>"; };
		B502CB7D2CFF2EE600D7CB13 /* SpeechRecognizer.swift */ = {isa = PBXFileReference; lastKnownFileType = sourcecode.swift; path = SpeechRecognizer.swift; sourceTree = "<group>"; };
		B502CB7F2CFFE38900D7CB13 /* HistoryView.swift */ = {isa = PBXFileReference; lastKnownFileType = sourcecode.swift; path = HistoryView.swift; sourceTree = "<group>"; };
		B55AD4372CD12AB90040F59F /* Scrumdinger.app */ = {isa = PBXFileReference; explicitFileType = wrapper.application; includeInIndex = 0; path = Scrumdinger.app; sourceTree = BUILT_PRODUCTS_DIR; };
		B55AD4482CD12AC40040F59F /* Preview Assets.xcassets */ = {isa = PBXFileReference; lastKnownFileType = folder.assetcatalog; path = "Preview Assets.xcassets"; sourceTree = "<group>"; };
		B55AD44A2CD12AC40040F59F /* Assets.xcassets */ = {isa = PBXFileReference; lastKnownFileType = folder.assetcatalog; path = Assets.xcassets; sourceTree = "<group>"; };
		B55AD44B2CD12AC40040F59F /* MeetingView.swift */ = {isa = PBXFileReference; lastKnownFileType = sourcecode.swift; path = MeetingView.swift; sourceTree = "<group>"; };
		B55AD44C2CD12AC40040F59F /* ScrumdingerApp.swift */ = {isa = PBXFileReference; lastKnownFileType = sourcecode.swift; path = ScrumdingerApp.swift; sourceTree = "<group>"; };
		B55AD45E2CD1C7DD0040F59F /* Theme.swift */ = {isa = PBXFileReference; lastKnownFileType = sourcecode.swift; path = Theme.swift; sourceTree = "<group>"; };
		B55AD4602CD1C9A10040F59F /* DailyScrum.swift */ = {isa = PBXFileReference; lastKnownFileType = sourcecode.swift; path = DailyScrum.swift; sourceTree = "<group>"; };
		B55AD4632CD1CAE80040F59F /* CardView.swift */ = {isa = PBXFileReference; lastKnownFileType = sourcecode.swift; path = CardView.swift; sourceTree = "<group>"; };
		B55AD4652CD22EA20040F59F /* TrailingIconLabelStyle.swift */ = {isa = PBXFileReference; lastKnownFileType = sourcecode.swift; path = TrailingIconLabelStyle.swift; sourceTree = "<group>"; };
		B55AD4672CD24D920040F59F /* ScrumsView.swift */ = {isa = PBXFileReference; lastKnownFileType = sourcecode.swift; path = ScrumsView.swift; sourceTree = "<group>"; };
		B55D138F2CD4682000C73A8B /* DetailView.swift */ = {isa = PBXFileReference; lastKnownFileType = sourcecode.swift; path = DetailView.swift; sourceTree = "<group>"; };
		B55D13932CD79EB200C73A8B /* DetailEditView.swift */ = {isa = PBXFileReference; lastKnownFileType = sourcecode.swift; path = DetailEditView.swift; sourceTree = "<group>"; };
		B55D13952CDB18A900C73A8B /* ThemeView.swift */ = {isa = PBXFileReference; lastKnownFileType = sourcecode.swift; path = ThemeView.swift; sourceTree = "<group>"; };
		B55D13972CDB1B3600C73A8B /* ThemePicker.swift */ = {isa = PBXFileReference; lastKnownFileType = sourcecode.swift; path = ThemePicker.swift; sourceTree = "<group>"; };
		B55D13992CDF104000C73A8B /* MeetingHeaderView.swift */ = {isa = PBXFileReference; lastKnownFileType = sourcecode.swift; path = MeetingHeaderView.swift; sourceTree = "<group>"; };
		B55D139B2CDF220700C73A8B /* ScrumProgressViewStyle.swift */ = {isa = PBXFileReference; lastKnownFileType = sourcecode.swift; path = ScrumProgressViewStyle.swift; sourceTree = "<group>"; };
		B55D141B2CE5C18D00C73A8B /* ScrumTimer.swift */ = {isa = PBXFileReference; lastKnownFileType = sourcecode.swift; path = ScrumTimer.swift; sourceTree = "<group>"; };
		B55D141D2CE6037700C73A8B /* MeetingFooterView.swift */ = {isa = PBXFileReference; lastKnownFileType = sourcecode.swift; path = MeetingFooterView.swift; sourceTree = "<group>"; };
		B55D141F2CE62BA900C73A8B /* AVPlayer+Ding.swift */ = {isa = PBXFileReference; lastKnownFileType = sourcecode.swift; path = "AVPlayer+Ding.swift"; sourceTree = "<group>"; };
		B55D14212CE6394800C73A8B /* NewScrumSheet.swift */ = {isa = PBXFileReference; lastKnownFileType = sourcecode.swift; path = NewScrumSheet.swift; sourceTree = "<group>"; };
		B55D14232CE8AE6E00C73A8B /* History.swift */ = {isa = PBXFileReference; lastKnownFileType = sourcecode.swift; path = History.swift; sourceTree = "<group>"; };
/* End PBXFileReference section */

/* Begin PBXFrameworksBuildPhase section */
		B55AD4342CD12AB90040F59F /* Frameworks */ = {
			isa = PBXFrameworksBuildPhase;
			buildActionMask = 2147483647;
			files = (
			);
			runOnlyForDeploymentPostprocessing = 0;
		};
/* End PBXFrameworksBuildPhase section */

/* Begin PBXGroup section */
		B502CAA32CFC7A5400D7CB13 /* Resources */ = {
			isa = PBXGroup;
			children = (
				B502CAA22CFC7A5400D7CB13 /* ding.wav */,
			);
			path = Resources;
			sourceTree = "<group>";
		};
		B55AD42E2CD12AB90040F59F = {
			isa = PBXGroup;
			children = (
				B55AD44D2CD12AC40040F59F /* Scrumdinger */,
				B55AD4382CD12AB90040F59F /* Products */,
			);
			sourceTree = "<group>";
		};
		B55AD4382CD12AB90040F59F /* Products */ = {
			isa = PBXGroup;
			children = (
				B55AD4372CD12AB90040F59F /* Scrumdinger.app */,
			);
			name = Products;
			sourceTree = "<group>";
		};
		B55AD4492CD12AC40040F59F /* Preview Content */ = {
			isa = PBXGroup;
			children = (
				B55AD4482CD12AC40040F59F /* Preview Assets.xcassets */,
			);
			path = "Preview Content";
			sourceTree = "<group>";
		};
		B55AD44D2CD12AC40040F59F /* Scrumdinger */ = {
			isa = PBXGroup;
			children = (
				B55AD45D2CD1C5C00040F59F /* Models */,
				B55AD4492CD12AC40040F59F /* Preview Content */,
				B55AD44A2CD12AC40040F59F /* Assets.xcassets */,
				B55AD4622CD1CADD0040F59F /* Views */,
				B502CAA32CFC7A5400D7CB13 /* Resources */,
				B55AD44C2CD12AC40040F59F /* ScrumdingerApp.swift */,
			);
			path = Scrumdinger;
			sourceTree = "<group>";
		};
		B55AD45D2CD1C5C00040F59F /* Models */ = {
			isa = PBXGroup;
			children = (
				B502CB7D2CFF2EE600D7CB13 /* SpeechRecognizer.swift */,
				B55AD45E2CD1C7DD0040F59F /* Theme.swift */,
				B55AD4602CD1C9A10040F59F /* DailyScrum.swift */,
				B55D141B2CE5C18D00C73A8B /* ScrumTimer.swift */,
				B55D141F2CE62BA900C73A8B /* AVPlayer+Ding.swift */,
				B55D14232CE8AE6E00C73A8B /* History.swift */,
				B502CA962CF860A700D7CB13 /* ScrumStore.swift */,
				B502CA9C2CF89B3800D7CB13 /* ErrorWrapper.swift */,
			);
			path = Models;
			sourceTree = "<group>";
		};
		B55AD4622CD1CADD0040F59F /* Views */ = {
			isa = PBXGroup;
			children = (
				B55AD44B2CD12AC40040F59F /* MeetingView.swift */,
				B55AD4632CD1CAE80040F59F /* CardView.swift */,
				B55AD4652CD22EA20040F59F /* TrailingIconLabelStyle.swift */,
				B55AD4672CD24D920040F59F /* ScrumsView.swift */,
				B55D138F2CD4682000C73A8B /* DetailView.swift */,
				B55D13932CD79EB200C73A8B /* DetailEditView.swift */,
				B55D13952CDB18A900C73A8B /* ThemeView.swift */,
				B55D13972CDB1B3600C73A8B /* ThemePicker.swift */,
				B55D13992CDF104000C73A8B /* MeetingHeaderView.swift */,
				B55D139B2CDF220700C73A8B /* ScrumProgressViewStyle.swift */,
				B55D141D2CE6037700C73A8B /* MeetingFooterView.swift */,
				B55D14212CE6394800C73A8B /* NewScrumSheet.swift */,
				B502CA9E2CF89BA800D7CB13 /* ErrorView.swift */,
				B502CAA02CFC77D700D7CB13 /* MeetingTimerView.swift */,
				B502CAA52CFC7A6C00D7CB13 /* SpeakerArc.swift */,
				B502CB7F2CFFE38900D7CB13 /* HistoryView.swift */,
			);
			path = Views;
			sourceTree = "<group>";
		};
/* End PBXGroup section */

/* Begin PBXNativeTarget section */
		B55AD4362CD12AB90040F59F /* Scrumdinger */ = {
			isa = PBXNativeTarget;
			buildConfigurationList = B55AD4452CD12ABA0040F59F /* Build configuration list for PBXNativeTarget "Scrumdinger" */;
			buildPhases = (
				B55AD4332CD12AB90040F59F /* Sources */,
				B55AD4342CD12AB90040F59F /* Frameworks */,
				B55AD4352CD12AB90040F59F /* Resources */,
			);
			buildRules = (
			);
			dependencies = (
			);
			name = Scrumdinger;
			packageProductDependencies = (
			);
			productName = Scrumdinger;
			productReference = B55AD4372CD12AB90040F59F /* Scrumdinger.app */;
			productType = "com.apple.product-type.application";
		};
/* End PBXNativeTarget section */

/* Begin PBXProject section */
		B55AD42F2CD12AB90040F59F /* Project object */ = {
			isa = PBXProject;
			attributes = {
				BuildIndependentTargetsInParallel = 1;
				LastSwiftUpdateCheck = 1600;
				LastUpgradeCheck = 1600;
				TargetAttributes = {
					B55AD4362CD12AB90040F59F = {
						CreatedOnToolsVersion = 16.0;
					};
				};
			};
			buildConfigurationList = B55AD4322CD12AB90040F59F /* Build configuration list for PBXProject "Scrumdinger" */;
			developmentRegion = en;
			hasScannedForEncodings = 0;
			knownRegions = (
				en,
				Base,
			);
			mainGroup = B55AD42E2CD12AB90040F59F;
			minimizedProjectReferenceProxies = 1;
			preferredProjectObjectVersion = 77;
			productRefGroup = B55AD4382CD12AB90040F59F /* Products */;
			projectDirPath = "";
			projectRoot = "";
			targets = (
				B55AD4362CD12AB90040F59F /* Scrumdinger */,
			);
		};
/* End PBXProject section */

/* Begin PBXResourcesBuildPhase section */
		B55AD4352CD12AB90040F59F /* Resources */ = {
			isa = PBXResourcesBuildPhase;
			buildActionMask = 2147483647;
			files = (
				B502CAA42CFC7A5400D7CB13 /* ding.wav in Resources */,
				B55AD44E2CD12AC40040F59F /* Preview Assets.xcassets in Resources */,
				B55AD44F2CD12AC40040F59F /* Assets.xcassets in Resources */,
			);
			runOnlyForDeploymentPostprocessing = 0;
		};
/* End PBXResourcesBuildPhase section */

/* Begin PBXSourcesBuildPhase section */
		B55AD4332CD12AB90040F59F /* Sources */ = {
			isa = PBXSourcesBuildPhase;
			buildActionMask = 2147483647;
			files = (
				B55D14242CE8AE6E00C73A8B /* History.swift in Sources */,
				B55D13982CDB1B3600C73A8B /* ThemePicker.swift in Sources */,
				B55D139C2CDF220700C73A8B /* ScrumProgressViewStyle.swift in Sources */,
				B55D141E2CE6037700C73A8B /* MeetingFooterView.swift in Sources */,
				B502CAA62CFC7A6C00D7CB13 /* SpeakerArc.swift in Sources */,
				B502CA9F2CF89BA800D7CB13 /* ErrorView.swift in Sources */,
				B55AD4612CD1C9A10040F59F /* DailyScrum.swift in Sources */,
				B502CB802CFFE38900D7CB13 /* HistoryView.swift in Sources */,
				B502CAA12CFC77D700D7CB13 /* MeetingTimerView.swift in Sources */,
				B55D13902CD4682100C73A8B /* DetailView.swift in Sources */,
				B502CA972CF860A700D7CB13 /* ScrumStore.swift in Sources */,
				B55D139A2CDF104000C73A8B /* MeetingHeaderView.swift in Sources */,
				B502CA9D2CF89B3800D7CB13 /* ErrorWrapper.swift in Sources */,
				B55D13942CD79EB200C73A8B /* DetailEditView.swift in Sources */,
				B55AD4662CD22EA20040F59F /* TrailingIconLabelStyle.swift in Sources */,
				B55D14222CE6394800C73A8B /* NewScrumSheet.swift in Sources */,
				B55AD45F2CD1C7DD0040F59F /* Theme.swift in Sources */,
				B55D141C2CE5C18D00C73A8B /* ScrumTimer.swift in Sources */,
				B502CB7E2CFF2EE600D7CB13 /* SpeechRecognizer.swift in Sources */,
				B55AD4682CD24D920040F59F /* ScrumsView.swift in Sources */,
				B55AD4502CD12AC40040F59F /* MeetingView.swift in Sources */,
				B55AD4512CD12AC40040F59F /* ScrumdingerApp.swift in Sources */,
				B55D13962CDB18A900C73A8B /* ThemeView.swift in Sources */,
				B55AD4642CD1CAE80040F59F /* CardView.swift in Sources */,
				B55D14202CE62BA900C73A8B /* AVPlayer+Ding.swift in Sources */,
			);
			runOnlyForDeploymentPostprocessing = 0;
		};
/* End PBXSourcesBuildPhase section */

/* Begin XCBuildConfiguration section */
		B55AD4432CD12ABA0040F59F /* Debug */ = {
			isa = XCBuildConfiguration;
			buildSettings = {
				ALWAYS_SEARCH_USER_PATHS = NO;
				ASSETCATALOG_COMPILER_GENERATE_SWIFT_ASSET_SYMBOL_EXTENSIONS = YES;
				CLANG_ANALYZER_NONNULL = YES;
				CLANG_ANALYZER_NUMBER_OBJECT_CONVERSION = YES_AGGRESSIVE;
				CLANG_CXX_LANGUAGE_STANDARD = "gnu++20";
				CLANG_ENABLE_MODULES = YES;
				CLANG_ENABLE_OBJC_ARC = YES;
				CLANG_ENABLE_OBJC_WEAK = YES;
				CLANG_WARN_BLOCK_CAPTURE_AUTORELEASING = YES;
				CLANG_WARN_BOOL_CONVERSION = YES;
				CLANG_WARN_COMMA = YES;
				CLANG_WARN_CONSTANT_CONVERSION = YES;
				CLANG_WARN_DEPRECATED_OBJC_IMPLEMENTATIONS = YES;
				CLANG_WARN_DIRECT_OBJC_ISA_USAGE = YES_ERROR;
				CLANG_WARN_DOCUMENTATION_COMMENTS = YES;
				CLANG_WARN_EMPTY_BODY = YES;
				CLANG_WARN_ENUM_CONVERSION = YES;
				CLANG_WARN_INFINITE_RECURSION = YES;
				CLANG_WARN_INT_CONVERSION = YES;
				CLANG_WARN_NON_LITERAL_NULL_CONVERSION = YES;
				CLANG_WARN_OBJC_IMPLICIT_RETAIN_SELF = YES;
				CLANG_WARN_OBJC_LITERAL_CONVERSION = YES;
				CLANG_WARN_OBJC_ROOT_CLASS = YES_ERROR;
				CLANG_WARN_QUOTED_INCLUDE_IN_FRAMEWORK_HEADER = YES;
				CLANG_WARN_RANGE_LOOP_ANALYSIS = YES;
				CLANG_WARN_STRICT_PROTOTYPES = YES;
				CLANG_WARN_SUSPICIOUS_MOVE = YES;
				CLANG_WARN_UNGUARDED_AVAILABILITY = YES_AGGRESSIVE;
				CLANG_WARN_UNREACHABLE_CODE = YES;
				CLANG_WARN__DUPLICATE_METHOD_MATCH = YES;
				COPY_PHASE_STRIP = NO;
				DEBUG_INFORMATION_FORMAT = dwarf;
				ENABLE_STRICT_OBJC_MSGSEND = YES;
				ENABLE_TESTABILITY = YES;
				ENABLE_USER_SCRIPT_SANDBOXING = YES;
				GCC_C_LANGUAGE_STANDARD = gnu17;
				GCC_DYNAMIC_NO_PIC = NO;
				GCC_NO_COMMON_BLOCKS = YES;
				GCC_OPTIMIZATION_LEVEL = 0;
				GCC_PREPROCESSOR_DEFINITIONS = (
					"DEBUG=1",
					"$(inherited)",
				);
				GCC_WARN_64_TO_32_BIT_CONVERSION = YES;
				GCC_WARN_ABOUT_RETURN_TYPE = YES_ERROR;
				GCC_WARN_UNDECLARED_SELECTOR = YES;
				GCC_WARN_UNINITIALIZED_AUTOS = YES_AGGRESSIVE;
				GCC_WARN_UNUSED_FUNCTION = YES;
				GCC_WARN_UNUSED_VARIABLE = YES;
				IPHONEOS_DEPLOYMENT_TARGET = 18.0;
				LOCALIZATION_PREFERS_STRING_CATALOGS = YES;
				MTL_ENABLE_DEBUG_INFO = INCLUDE_SOURCE;
				MTL_FAST_MATH = YES;
				ONLY_ACTIVE_ARCH = YES;
				SDKROOT = iphoneos;
				SWIFT_ACTIVE_COMPILATION_CONDITIONS = "DEBUG $(inherited)";
				SWIFT_OPTIMIZATION_LEVEL = "-Onone";
			};
			name = Debug;
		};
		B55AD4442CD12ABA0040F59F /* Release */ = {
			isa = XCBuildConfiguration;
			buildSettings = {
				ALWAYS_SEARCH_USER_PATHS = NO;
				ASSETCATALOG_COMPILER_GENERATE_SWIFT_ASSET_SYMBOL_EXTENSIONS = YES;
				CLANG_ANALYZER_NONNULL = YES;
				CLANG_ANALYZER_NUMBER_OBJECT_CONVERSION = YES_AGGRESSIVE;
				CLANG_CXX_LANGUAGE_STANDARD = "gnu++20";
				CLANG_ENABLE_MODULES = YES;
				CLANG_ENABLE_OBJC_ARC = YES;
				CLANG_ENABLE_OBJC_WEAK = YES;
				CLANG_WARN_BLOCK_CAPTURE_AUTORELEASING = YES;
				CLANG_WARN_BOOL_CONVERSION = YES;
				CLANG_WARN_COMMA = YES;
				CLANG_WARN_CONSTANT_CONVERSION = YES;
				CLANG_WARN_DEPRECATED_OBJC_IMPLEMENTATIONS = YES;
				CLANG_WARN_DIRECT_OBJC_ISA_USAGE = YES_ERROR;
				CLANG_WARN_DOCUMENTATION_COMMENTS = YES;
				CLANG_WARN_EMPTY_BODY = YES;
				CLANG_WARN_ENUM_CONVERSION = YES;
				CLANG_WARN_INFINITE_RECURSION = YES;
				CLANG_WARN_INT_CONVERSION = YES;
				CLANG_WARN_NON_LITERAL_NULL_CONVERSION = YES;
				CLANG_WARN_OBJC_IMPLICIT_RETAIN_SELF = YES;
				CLANG_WARN_OBJC_LITERAL_CONVERSION = YES;
				CLANG_WARN_OBJC_ROOT_CLASS = YES_ERROR;
				CLANG_WARN_QUOTED_INCLUDE_IN_FRAMEWORK_HEADER = YES;
				CLANG_WARN_RANGE_LOOP_ANALYSIS = YES;
				CLANG_WARN_STRICT_PROTOTYPES = YES;
				CLANG_WARN_SUSPICIOUS_MOVE = YES;
				CLANG_WARN_UNGUARDED_AVAILABILITY = YES_AGGRESSIVE;
				CLANG_WARN_UNREACHABLE_CODE = YES;
				CLANG_WARN__DUPLICATE_METHOD_MATCH = YES;
				COPY_PHASE_STRIP = NO;
				DEBUG_INFORMATION_FORMAT = "dwarf-with-dsym";
				ENABLE_NS_ASSERTIONS = NO;
				ENABLE_STRICT_OBJC_MSGSEND = YES;
				ENABLE_USER_SCRIPT_SANDBOXING = YES;
				GCC_C_LANGUAGE_STANDARD = gnu17;
				GCC_NO_COMMON_BLOCKS = YES;
				GCC_WARN_64_TO_32_BIT_CONVERSION = YES;
				GCC_WARN_ABOUT_RETURN_TYPE = YES_ERROR;
				GCC_WARN_UNDECLARED_SELECTOR = YES;
				GCC_WARN_UNINITIALIZED_AUTOS = YES_AGGRESSIVE;
				GCC_WARN_UNUSED_FUNCTION = YES;
				GCC_WARN_UNUSED_VARIABLE = YES;
				IPHONEOS_DEPLOYMENT_TARGET = 18.0;
				LOCALIZATION_PREFERS_STRING_CATALOGS = YES;
				MTL_ENABLE_DEBUG_INFO = NO;
				MTL_FAST_MATH = YES;
				SDKROOT = iphoneos;
				SWIFT_COMPILATION_MODE = wholemodule;
				VALIDATE_PRODUCT = YES;
			};
			name = Release;
		};
		B55AD4462CD12ABA0040F59F /* Debug */ = {
			isa = XCBuildConfiguration;
			buildSettings = {
				ASSETCATALOG_COMPILER_APPICON_NAME = AppIcon;
				ASSETCATALOG_COMPILER_GLOBAL_ACCENT_COLOR_NAME = AccentColor;
				CODE_SIGN_STYLE = Automatic;
				CURRENT_PROJECT_VERSION = 1;
				DEVELOPMENT_ASSET_PATHS = "\"Scrumdinger/Preview Content\"";
				ENABLE_PREVIEWS = YES;
				GENERATE_INFOPLIST_FILE = YES;
				INFOPLIST_KEY_NSMicrophoneUsageDescription = " “Audio is recorded to transcribe the meeting. Audio recordings are discarded after transcription.”";
				INFOPLIST_KEY_NSSpeechRecognitionUsageDescription = "You can view a text transcription of your meeting in the app.";
				INFOPLIST_KEY_UIApplicationSceneManifest_Generation = YES;
				INFOPLIST_KEY_UIApplicationSupportsIndirectInputEvents = YES;
				INFOPLIST_KEY_UILaunchScreen_Generation = YES;
				INFOPLIST_KEY_UISupportedInterfaceOrientations_iPad = "UIInterfaceOrientationPortrait UIInterfaceOrientationPortraitUpsideDown UIInterfaceOrientationLandscapeLeft UIInterfaceOrientationLandscapeRight";
				INFOPLIST_KEY_UISupportedInterfaceOrientations_iPhone = "UIInterfaceOrientationPortrait UIInterfaceOrientationLandscapeLeft UIInterfaceOrientationLandscapeRight";
				LD_RUNPATH_SEARCH_PATHS = (
					"$(inherited)",
					"@executable_path/Frameworks",
				);
				MARKETING_VERSION = 1.0;
				PRODUCT_BUNDLE_IDENTIFIER = com.arex.Scrumdinger;
				PRODUCT_NAME = "$(TARGET_NAME)";
				SWIFT_EMIT_LOC_STRINGS = YES;
				SWIFT_VERSION = 5.0;
				TARGETED_DEVICE_FAMILY = "1,2";
			};
			name = Debug;
		};
		B55AD4472CD12ABA0040F59F /* Release */ = {
			isa = XCBuildConfiguration;
			buildSettings = {
				ASSETCATALOG_COMPILER_APPICON_NAME = AppIcon;
				ASSETCATALOG_COMPILER_GLOBAL_ACCENT_COLOR_NAME = AccentColor;
				CODE_SIGN_STYLE = Automatic;
				CURRENT_PROJECT_VERSION = 1;
				DEVELOPMENT_ASSET_PATHS = "\"Scrumdinger/Preview Content\"";
				ENABLE_PREVIEWS = YES;
				GENERATE_INFOPLIST_FILE = YES;
				INFOPLIST_KEY_NSMicrophoneUsageDescription = " “Audio is recorded to transcribe the meeting. Audio recordings are discarded after transcription.”";
				INFOPLIST_KEY_NSSpeechRecognitionUsageDescription = "You can view a text transcription of your meeting in the app.";
				INFOPLIST_KEY_UIApplicationSceneManifest_Generation = YES;
				INFOPLIST_KEY_UIApplicationSupportsIndirectInputEvents = YES;
				INFOPLIST_KEY_UILaunchScreen_Generation = YES;
				INFOPLIST_KEY_UISupportedInterfaceOrientations_iPad = "UIInterfaceOrientationPortrait UIInterfaceOrientationPortraitUpsideDown UIInterfaceOrientationLandscapeLeft UIInterfaceOrientationLandscapeRight";
				INFOPLIST_KEY_UISupportedInterfaceOrientations_iPhone = "UIInterfaceOrientationPortrait UIInterfaceOrientationLandscapeLeft UIInterfaceOrientationLandscapeRight";
				LD_RUNPATH_SEARCH_PATHS = (
					"$(inherited)",
					"@executable_path/Frameworks",
				);
				MARKETING_VERSION = 1.0;
				PRODUCT_BUNDLE_IDENTIFIER = com.arex.Scrumdinger;
				PRODUCT_NAME = "$(TARGET_NAME)";
				SWIFT_EMIT_LOC_STRINGS = YES;
				SWIFT_VERSION = 5.0;
				TARGETED_DEVICE_FAMILY = "1,2";
			};
			name = Release;
		};
/* End XCBuildConfiguration section */

/* Begin XCConfigurationList section */
		B55AD4322CD12AB90040F59F /* Build configuration list for PBXProject "Scrumdinger" */ = {
			isa = XCConfigurationList;
			buildConfigurations = (
				B55AD4432CD12ABA0040F59F /* Debug */,
				B55AD4442CD12ABA0040F59F /* Release */,
			);
			defaultConfigurationIsVisible = 0;
			defaultConfigurationName = Release;
		};
		B55AD4452CD12ABA0040F59F /* Build configuration list for PBXNativeTarget "Scrumdinger" */ = {
			isa = XCConfigurationList;
			buildConfigurations = (
				B55AD4462CD12ABA0040F59F /* Debug */,
				B55AD4472CD12ABA0040F59F /* Release */,
			);
			defaultConfigurationIsVisible = 0;
			defaultConfigurationName = Release;
		};
/* End XCConfigurationList section */
	};
	rootObject = B55AD42F2CD12AB90040F59F /* Project object */;
}
